<?xml version="1.0" encoding="utf-8"?>
<Project ToolsVersion="4.0" xmlns="http://schemas.microsoft.com/developer/msbuild/2003">
  <ItemGroup>
    <Filter Include="Source Files">
      <UniqueIdentifier>{4FC737F1-C7A5-4376-A066-2A32D752A2FF}</UniqueIdentifier>
      <Extensions>cpp;c;cc;cxx;c++;cppm;ixx;def;odl;idl;hpj;bat;asm;asmx</Extensions>
    </Filter>
    <Filter Include="Core Files">
      <UniqueIdentifier>{80394da3-3c9e-4427-901f-4947b902664e}</UniqueIdentifier>
    </Filter>
    <Filter Include="Inputs">
      <UniqueIdentifier>{653651bb-f592-43ba-beab-b00313d4a217}</UniqueIdentifier>
    </Filter>
    <Filter Include="Graphics">
      <UniqueIdentifier>{d416fad7-e142-45a8-9e71-509f79d7505f}</UniqueIdentifier>
    </Filter>
    <Filter Include="Data">
      <UniqueIdentifier>{8fad2ae7-a649-4f10-abaa-12fd54792e63}</UniqueIdentifier>
    </Filter>
    <Filter Include="Physics">
      <UniqueIdentifier>{6e502c1a-28a0-4b84-ba88-5d4ab98faef0}</UniqueIdentifier>
    </Filter>
    <Filter Include="Graphics\Primatives">
      <UniqueIdentifier>{9bccf6b0-f990-4cdc-aa2a-6b7faa1ca0c6}</UniqueIdentifier>
    </Filter>
  </ItemGroup>
  <ItemGroup>
    <ClCompile Include="Application.cpp">
      <Filter>Source Files</Filter>
    </ClCompile>
    <ClCompile Include="core\Engine.cpp">
      <Filter>Core Files</Filter>
    </ClCompile>
    <ClCompile Include="core\Event.cpp">
      <Filter>Core Files</Filter>
    </ClCompile>
    <ClCompile Include="core\EventHandler.cpp">
      <Filter>Core Files</Filter>
    </ClCompile>
    <ClCompile Include="core\graphics\Graphics.cpp">
      <Filter>Graphics</Filter>
    </ClCompile>
    <ClCompile Include="core\Inputs\InputSystem.cpp">
      <Filter>Inputs</Filter>
    </ClCompile>
    <ClCompile Include="core\Data\ExecutionTimeTracker.cpp">
      <Filter>Data</Filter>
    </ClCompile>
    <ClCompile Include="core\graphics\Window.cpp">
      <Filter>Graphics</Filter>
    </ClCompile>
    <ClCompile Include="core\physics\Physics.cpp">
      <Filter>Physics</Filter>
    </ClCompile>
    <ClCompile Include="core\Entity.cpp">
      <Filter>Core Files</Filter>
    </ClCompile>
    <ClCompile Include="core\graphics\GraphicsComponent.cpp">
      <Filter>Graphics</Filter>
    </ClCompile>
    <ClCompile Include="core\graphics\Primatives\Square.cpp">
      <Filter>Graphics\Primatives</Filter>
    </ClCompile>
    <ClCompile Include="core\graphics\Primatives\Circle.cpp">
      <Filter>Graphics\Primatives</Filter>
    </ClCompile>
    <ClCompile Include="core\EntityFactory.cpp">
      <Filter>Core Files</Filter>
    </ClCompile>
    <ClCompile Include="core\physics\PhysicsComponent.cpp">
      <Filter>Physics</Filter>
    </ClCompile>
  </ItemGroup>
  <ItemGroup>
    <ClInclude Include="core\Engine.h">
      <Filter>Core Files</Filter>
    </ClInclude>
    <ClInclude Include="core\Event.h">
      <Filter>Core Files</Filter>
    </ClInclude>
    <ClInclude Include="core\EventHandler.h">
      <Filter>Core Files</Filter>
    </ClInclude>
    <ClInclude Include="core\graphics\Graphics.h">
      <Filter>Graphics</Filter>
    </ClInclude>
    <ClInclude Include="core\Inputs\InputSystem.h">
      <Filter>Inputs</Filter>
    </ClInclude>
    <ClInclude Include="core\Data\ExecutionTimeTracker.h">
      <Filter>Data</Filter>
    </ClInclude>
    <ClInclude Include="core\graphics\Window.h">
      <Filter>Graphics</Filter>
    </ClInclude>
    <ClInclude Include="core\SubSystem.h">
      <Filter>Core Files</Filter>
    </ClInclude>
    <ClInclude Include="core\physics\Physics.h">
      <Filter>Physics</Filter>
    </ClInclude>
    <ClInclude Include="core\Component.h">
      <Filter>Core Files</Filter>
    </ClInclude>
    <ClInclude Include="core\Entity.h">
      <Filter>Core Files</Filter>
    </ClInclude>
    <ClInclude Include="core\graphics\GraphicsComponent.h">
      <Filter>Graphics</Filter>
    </ClInclude>
    <ClInclude Include="core\graphics\Primatives\Square.h">
      <Filter>Graphics\Primatives</Filter>
    </ClInclude>
    <ClInclude Include="core\graphics\Primatives\Circle.h">
      <Filter>Graphics\Primatives</Filter>
    </ClInclude>
    <ClInclude Include="core\EntityFactory.h">
      <Filter>Core Files</Filter>
    </ClInclude>
    <ClInclude Include="core\physics\PhysicsComponent.h">
      <Filter>Physics</Filter>
    </ClInclude>
  </ItemGroup>
</Project>