<?xml version="1.0" encoding="utf-8"?>
<Project ToolsVersion="4.0" xmlns="http://schemas.microsoft.com/developer/msbuild/2003">
  <ItemGroup>
    <Filter Include="Source Files">
      <UniqueIdentifier>{4FC737F1-C7A5-4376-A066-2A32D752A2FF}</UniqueIdentifier>
      <Extensions>cpp;c;cc;cxx;c++;cppm;ixx;def;odl;idl;hpj;bat;asm;asmx</Extensions>
    </Filter>
    <Filter Include="Core Files">
      <UniqueIdentifier>{80394da3-3c9e-4427-901f-4947b902664e}</UniqueIdentifier>
    </Filter>
    <Filter Include="Graphics">
      <UniqueIdentifier>{d416fad7-e142-45a8-9e71-509f79d7505f}</UniqueIdentifier>
    </Filter>
    <Filter Include="Inputs">
      <UniqueIdentifier>{653651bb-f592-43ba-beab-b00313d4a217}</UniqueIdentifier>
    </Filter>
  </ItemGroup>
  <ItemGroup>
    <ClCompile Include="Application.cpp">
      <Filter>Source Files</Filter>
    </ClCompile>
    <ClCompile Include="core\Engine.cpp">
      <Filter>Core Files</Filter>
    </ClCompile>
    <ClCompile Include="core\Event.cpp">
      <Filter>Core Files</Filter>
    </ClCompile>
    <ClCompile Include="core\EventHandler.cpp">
      <Filter>Core Files</Filter>
    </ClCompile>
    <ClCompile Include="core\graphics\Graphics.cpp">
      <Filter>Graphics</Filter>
    </ClCompile>
    <ClCompile Include="core\Inputs\KeyboardInput.cpp">
      <Filter>Inputs</Filter>
    </ClCompile>
  </ItemGroup>
  <ItemGroup>
    <ClInclude Include="core\Engine.h">
      <Filter>Core Files</Filter>
    </ClInclude>
    <ClInclude Include="core\Event.h">
      <Filter>Core Files</Filter>
    </ClInclude>
    <ClInclude Include="core\EventHandler.h">
      <Filter>Core Files</Filter>
    </ClInclude>
    <ClInclude Include="core\graphics\Graphics.h">
      <Filter>Graphics</Filter>
    </ClInclude>
    <ClInclude Include="core\Inputs\KeyboardInput.h">
      <Filter>Inputs</Filter>
    </ClInclude>
  </ItemGroup>
</Project>