<?xml version="1.0" encoding="utf-8"?>
<Project ToolsVersion="4.0" xmlns="http://schemas.microsoft.com/developer/msbuild/2003">
  <ItemGroup>
    <Filter Include="Source Files">
      <UniqueIdentifier>{4FC737F1-C7A5-4376-A066-2A32D752A2FF}</UniqueIdentifier>
      <Extensions>cpp;c;cc;cxx;c++;cppm;ixx;def;odl;idl;hpj;bat;asm;asmx</Extensions>
    </Filter>
    <Filter Include="Core Files">
      <UniqueIdentifier>{80394da3-3c9e-4427-901f-4947b902664e}</UniqueIdentifier>
    </Filter>
    <Filter Include="Inputs">
      <UniqueIdentifier>{653651bb-f592-43ba-beab-b00313d4a217}</UniqueIdentifier>
    </Filter>
    <Filter Include="Graphics">
      <UniqueIdentifier>{d416fad7-e142-45a8-9e71-509f79d7505f}</UniqueIdentifier>
    </Filter>
    <Filter Include="Data">
      <UniqueIdentifier>{8fad2ae7-a649-4f10-abaa-12fd54792e63}</UniqueIdentifier>
    </Filter>
    <Filter Include="Physics">
      <UniqueIdentifier>{6e502c1a-28a0-4b84-ba88-5d4ab98faef0}</UniqueIdentifier>
    </Filter>
    <Filter Include="Graphics\Primatives">
      <UniqueIdentifier>{9bccf6b0-f990-4cdc-aa2a-6b7faa1ca0c6}</UniqueIdentifier>
    </Filter>
    <Filter Include="Core Files\Entities">
      <UniqueIdentifier>{65b9428b-6f78-4059-9e05-1ac8ad82aa15}</UniqueIdentifier>
    </Filter>
    <Filter Include="Graphics\Display">
      <UniqueIdentifier>{79967e39-32cd-4369-9911-8a541cc11228}</UniqueIdentifier>
    </Filter>
    <Filter Include="Handling">
      <UniqueIdentifier>{2923224f-c6aa-4e17-ae01-d05c98969acd}</UniqueIdentifier>
    </Filter>
  </ItemGroup>
  <ItemGroup>
    <ClCompile Include="Application.cpp">
      <Filter>Source Files</Filter>
    </ClCompile>
    <ClCompile Include="core\Engine.cpp">
      <Filter>Core Files</Filter>
    </ClCompile>
    <ClCompile Include="core\graphics\Graphics.cpp">
      <Filter>Graphics</Filter>
    </ClCompile>
    <ClCompile Include="core\Inputs\InputSystem.cpp">
      <Filter>Inputs</Filter>
    </ClCompile>
    <ClCompile Include="core\Data\ExecutionTimeTracker.cpp">
      <Filter>Data</Filter>
    </ClCompile>
    <ClCompile Include="core\physics\Physics.cpp">
      <Filter>Physics</Filter>
    </ClCompile>
    <ClCompile Include="core\Entities\Player.cpp">
      <Filter>Core Files\Entities</Filter>
    </ClCompile>
    <ClCompile Include="core\Entities\Ground.cpp">
      <Filter>Core Files\Entities</Filter>
    </ClCompile>
    <ClCompile Include="core\Physics\ContactListener.cpp">
      <Filter>Physics</Filter>
    </ClCompile>
    <ClCompile Include="core\Graphics\Display\Window.cpp">
      <Filter>Graphics\Display</Filter>
    </ClCompile>
    <ClCompile Include="core\Handling\EventHandler.cpp">
      <Filter>Handling</Filter>
    </ClCompile>
    <ClCompile Include="core\Handling\Event.cpp">
      <Filter>Handling</Filter>
    </ClCompile>
  </ItemGroup>
  <ItemGroup>
    <ClInclude Include="core\Engine.h">
      <Filter>Core Files</Filter>
    </ClInclude>
    <ClInclude Include="core\graphics\Graphics.h">
      <Filter>Graphics</Filter>
    </ClInclude>
    <ClInclude Include="core\Inputs\InputSystem.h">
      <Filter>Inputs</Filter>
    </ClInclude>
    <ClInclude Include="core\Data\ExecutionTimeTracker.h">
      <Filter>Data</Filter>
    </ClInclude>
    <ClInclude Include="core\SubSystem.h">
      <Filter>Core Files</Filter>
    </ClInclude>
    <ClInclude Include="core\physics\Physics.h">
      <Filter>Physics</Filter>
    </ClInclude>
    <ClInclude Include="core\Entities\Player.h">
      <Filter>Core Files\Entities</Filter>
    </ClInclude>
    <ClInclude Include="core\Entities\Ground.h">
      <Filter>Core Files\Entities</Filter>
    </ClInclude>
    <ClInclude Include="core\Physics\ContactListener.h">
      <Filter>Physics</Filter>
    </ClInclude>
    <ClInclude Include="core\Data\DataValues.h">
      <Filter>Data</Filter>
    </ClInclude>
    <ClInclude Include="core\Graphics\Display\Window.h">
      <Filter>Graphics\Display</Filter>
    </ClInclude>
    <ClInclude Include="core\Handling\EventHandler.h">
      <Filter>Handling</Filter>
    </ClInclude>
    <ClInclude Include="core\Handling\Event.h">
      <Filter>Handling</Filter>
    </ClInclude>
  </ItemGroup>
</Project>